// !$*UTF8*$!
{
	archiveVersion = 1;
	classes = {
	};
	objectVersion = 56;
	objects = {

/* Begin PBXBuildFile section */
		FA43A57C2BBDC40E001B2A5E /* SignUpView.swift in Sources */ = {isa = PBXBuildFile; fileRef = FA43A57B2BBDC40E001B2A5E /* SignUpView.swift */; };
		FA43A57F2BBDCBFE001B2A5E /* MenuView.swift in Sources */ = {isa = PBXBuildFile; fileRef = FA43A57E2BBDCBFE001B2A5E /* MenuView.swift */; };
		FA43A5822BBDD057001B2A5E /* WelcomeView.swift in Sources */ = {isa = PBXBuildFile; fileRef = FA43A5812BBDD057001B2A5E /* WelcomeView.swift */; };
		FA4592C42BBB569100C141CF /* MedicMeditationAppApp.swift in Sources */ = {isa = PBXBuildFile; fileRef = FA4592C32BBB569100C141CF /* MedicMeditationAppApp.swift */; };
		FA4592C82BBB569200C141CF /* Imagenes.xcassets in Resources */ = {isa = PBXBuildFile; fileRef = FA4592C72BBB569200C141CF /* Imagenes.xcassets */; };
		FA4592CB2BBB569200C141CF /* Preview Assets.xcassets in Resources */ = {isa = PBXBuildFile; fileRef = FA4592CA2BBB569200C141CF /* Preview Assets.xcassets */; };
		FA4592D02BBB569200C141CF /* MedicMeditationApp.xcdatamodeld in Sources */ = {isa = PBXBuildFile; fileRef = FA4592CE2BBB569200C141CF /* MedicMeditationApp.xcdatamodeld */; };
		FA4592DA2BBB569200C141CF /* MedicMeditationAppTests.swift in Sources */ = {isa = PBXBuildFile; fileRef = FA4592D92BBB569200C141CF /* MedicMeditationAppTests.swift */; };
		FA4592E42BBB569200C141CF /* MedicMeditationAppUITests.swift in Sources */ = {isa = PBXBuildFile; fileRef = FA4592E32BBB569200C141CF /* MedicMeditationAppUITests.swift */; };
		FA4592E62BBB569200C141CF /* MedicMeditationAppUITestsLaunchTests.swift in Sources */ = {isa = PBXBuildFile; fileRef = FA4592E52BBB569200C141CF /* MedicMeditationAppUITestsLaunchTests.swift */; };
		FA4592F62BBB673D00C141CF /* SignInView.swift in Sources */ = {isa = PBXBuildFile; fileRef = FA4592F52BBB673D00C141CF /* SignInView.swift */; };
		FA794F7F2BBE310E00FBF372 /* MusicView.swift in Sources */ = {isa = PBXBuildFile; fileRef = FA794F7E2BBE310E00FBF372 /* MusicView.swift */; };
		FA794F822BBE3CB500FBF372 /* ReproductorView.swift in Sources */ = {isa = PBXBuildFile; fileRef = FA794F812BBE3CB500FBF372 /* ReproductorView.swift */; };
		FA794F852BBE426000FBF372 /* PersonView.swift in Sources */ = {isa = PBXBuildFile; fileRef = FA794F842BBE426000FBF372 /* PersonView.swift */; };
		FA8DF7B22BBF189F000F3D7A /* MeditationView.swift in Sources */ = {isa = PBXBuildFile; fileRef = FA8DF7B12BBF189F000F3D7A /* MeditationView.swift */; };
		FA8DF7B62BBF1C26000F3D7A /* ToolsView.swift in Sources */ = {isa = PBXBuildFile; fileRef = FA8DF7B52BBF1C26000F3D7A /* ToolsView.swift */; };
		FA8DF7B82BBF20DA000F3D7A /* SleepSessionView.swift in Sources */ = {isa = PBXBuildFile; fileRef = FA8DF7B72BBF20DA000F3D7A /* SleepSessionView.swift */; };
		FA8E77482BBCE58A0093EFC2 /* GeneralButtonComponent.swift in Sources */ = {isa = PBXBuildFile; fileRef = FA8E77472BBCE58A0093EFC2 /* GeneralButtonComponent.swift */; };
		FA8E774C2BBCE8870093EFC2 /* Colores.xcassets in Resources */ = {isa = PBXBuildFile; fileRef = FA8E774B2BBCE8870093EFC2 /* Colores.xcassets */; };
		FA8E775C2BBCF9D60093EFC2 /* AlegreyaSans-Bold.ttf in Resources */ = {isa = PBXBuildFile; fileRef = FA8E774E2BBCF9D50093EFC2 /* AlegreyaSans-Bold.ttf */; };
		FA8E775D2BBCF9D60093EFC2 /* AlegreyaSans-Bold.ttf in Resources */ = {isa = PBXBuildFile; fileRef = FA8E774E2BBCF9D50093EFC2 /* AlegreyaSans-Bold.ttf */; };
		FA8E775E2BBCF9D60093EFC2 /* AlegreyaSans-Bold.ttf in Resources */ = {isa = PBXBuildFile; fileRef = FA8E774E2BBCF9D50093EFC2 /* AlegreyaSans-Bold.ttf */; };
		FA8E775F2BBCF9D60093EFC2 /* AlegreyaSans-Italic.ttf in Resources */ = {isa = PBXBuildFile; fileRef = FA8E774F2BBCF9D50093EFC2 /* AlegreyaSans-Italic.ttf */; };
		FA8E77602BBCF9D60093EFC2 /* AlegreyaSans-Italic.ttf in Resources */ = {isa = PBXBuildFile; fileRef = FA8E774F2BBCF9D50093EFC2 /* AlegreyaSans-Italic.ttf */; };
		FA8E77612BBCF9D60093EFC2 /* AlegreyaSans-Italic.ttf in Resources */ = {isa = PBXBuildFile; fileRef = FA8E774F2BBCF9D50093EFC2 /* AlegreyaSans-Italic.ttf */; };
		FA8E77622BBCF9D60093EFC2 /* AlegreyaSans-BoldItalic.ttf in Resources */ = {isa = PBXBuildFile; fileRef = FA8E77502BBCF9D60093EFC2 /* AlegreyaSans-BoldItalic.ttf */; };
		FA8E77632BBCF9D60093EFC2 /* AlegreyaSans-BoldItalic.ttf in Resources */ = {isa = PBXBuildFile; fileRef = FA8E77502BBCF9D60093EFC2 /* AlegreyaSans-BoldItalic.ttf */; };
		FA8E77642BBCF9D60093EFC2 /* AlegreyaSans-BoldItalic.ttf in Resources */ = {isa = PBXBuildFile; fileRef = FA8E77502BBCF9D60093EFC2 /* AlegreyaSans-BoldItalic.ttf */; };
		FA8E77652BBCF9D60093EFC2 /* AlegreyaSans-Thin.ttf in Resources */ = {isa = PBXBuildFile; fileRef = FA8E77512BBCF9D60093EFC2 /* AlegreyaSans-Thin.ttf */; };
		FA8E77662BBCF9D60093EFC2 /* AlegreyaSans-Thin.ttf in Resources */ = {isa = PBXBuildFile; fileRef = FA8E77512BBCF9D60093EFC2 /* AlegreyaSans-Thin.ttf */; };
		FA8E77672BBCF9D60093EFC2 /* AlegreyaSans-Thin.ttf in Resources */ = {isa = PBXBuildFile; fileRef = FA8E77512BBCF9D60093EFC2 /* AlegreyaSans-Thin.ttf */; };
		FA8E77682BBCF9D60093EFC2 /* AlegreyaSans-ThinItalic.ttf in Resources */ = {isa = PBXBuildFile; fileRef = FA8E77522BBCF9D60093EFC2 /* AlegreyaSans-ThinItalic.ttf */; };
		FA8E77692BBCF9D60093EFC2 /* AlegreyaSans-ThinItalic.ttf in Resources */ = {isa = PBXBuildFile; fileRef = FA8E77522BBCF9D60093EFC2 /* AlegreyaSans-ThinItalic.ttf */; };
		FA8E776A2BBCF9D60093EFC2 /* AlegreyaSans-ThinItalic.ttf in Resources */ = {isa = PBXBuildFile; fileRef = FA8E77522BBCF9D60093EFC2 /* AlegreyaSans-ThinItalic.ttf */; };
		FA8E776B2BBCF9D60093EFC2 /* AlegreyaSans-Light.ttf in Resources */ = {isa = PBXBuildFile; fileRef = FA8E77532BBCF9D60093EFC2 /* AlegreyaSans-Light.ttf */; };
		FA8E776C2BBCF9D60093EFC2 /* AlegreyaSans-Light.ttf in Resources */ = {isa = PBXBuildFile; fileRef = FA8E77532BBCF9D60093EFC2 /* AlegreyaSans-Light.ttf */; };
		FA8E776D2BBCF9D60093EFC2 /* AlegreyaSans-Light.ttf in Resources */ = {isa = PBXBuildFile; fileRef = FA8E77532BBCF9D60093EFC2 /* AlegreyaSans-Light.ttf */; };
		FA8E776E2BBCF9D60093EFC2 /* AlegreyaSans-LightItalic.ttf in Resources */ = {isa = PBXBuildFile; fileRef = FA8E77542BBCF9D60093EFC2 /* AlegreyaSans-LightItalic.ttf */; };
		FA8E776F2BBCF9D60093EFC2 /* AlegreyaSans-LightItalic.ttf in Resources */ = {isa = PBXBuildFile; fileRef = FA8E77542BBCF9D60093EFC2 /* AlegreyaSans-LightItalic.ttf */; };
		FA8E77702BBCF9D60093EFC2 /* AlegreyaSans-LightItalic.ttf in Resources */ = {isa = PBXBuildFile; fileRef = FA8E77542BBCF9D60093EFC2 /* AlegreyaSans-LightItalic.ttf */; };
		FA8E77712BBCF9D60093EFC2 /* AlegreyaSans-BlackItalic.ttf in Resources */ = {isa = PBXBuildFile; fileRef = FA8E77552BBCF9D60093EFC2 /* AlegreyaSans-BlackItalic.ttf */; };
		FA8E77722BBCF9D60093EFC2 /* AlegreyaSans-BlackItalic.ttf in Resources */ = {isa = PBXBuildFile; fileRef = FA8E77552BBCF9D60093EFC2 /* AlegreyaSans-BlackItalic.ttf */; };
		FA8E77732BBCF9D60093EFC2 /* AlegreyaSans-BlackItalic.ttf in Resources */ = {isa = PBXBuildFile; fileRef = FA8E77552BBCF9D60093EFC2 /* AlegreyaSans-BlackItalic.ttf */; };
		FA8E77742BBCF9D60093EFC2 /* AlegreyaSans-Black.ttf in Resources */ = {isa = PBXBuildFile; fileRef = FA8E77562BBCF9D60093EFC2 /* AlegreyaSans-Black.ttf */; };
		FA8E77752BBCF9D60093EFC2 /* AlegreyaSans-Black.ttf in Resources */ = {isa = PBXBuildFile; fileRef = FA8E77562BBCF9D60093EFC2 /* AlegreyaSans-Black.ttf */; };
		FA8E77762BBCF9D60093EFC2 /* AlegreyaSans-Black.ttf in Resources */ = {isa = PBXBuildFile; fileRef = FA8E77562BBCF9D60093EFC2 /* AlegreyaSans-Black.ttf */; };
		FA8E77772BBCF9D60093EFC2 /* AlegreyaSans-Medium.ttf in Resources */ = {isa = PBXBuildFile; fileRef = FA8E77572BBCF9D60093EFC2 /* AlegreyaSans-Medium.ttf */; };
		FA8E77782BBCF9D60093EFC2 /* AlegreyaSans-Medium.ttf in Resources */ = {isa = PBXBuildFile; fileRef = FA8E77572BBCF9D60093EFC2 /* AlegreyaSans-Medium.ttf */; };
		FA8E77792BBCF9D60093EFC2 /* AlegreyaSans-Medium.ttf in Resources */ = {isa = PBXBuildFile; fileRef = FA8E77572BBCF9D60093EFC2 /* AlegreyaSans-Medium.ttf */; };
		FA8E777A2BBCF9D60093EFC2 /* AlegreyaSans-ExtraBoldItalic.ttf in Resources */ = {isa = PBXBuildFile; fileRef = FA8E77582BBCF9D60093EFC2 /* AlegreyaSans-ExtraBoldItalic.ttf */; };
		FA8E777B2BBCF9D60093EFC2 /* AlegreyaSans-ExtraBoldItalic.ttf in Resources */ = {isa = PBXBuildFile; fileRef = FA8E77582BBCF9D60093EFC2 /* AlegreyaSans-ExtraBoldItalic.ttf */; };
		FA8E777C2BBCF9D60093EFC2 /* AlegreyaSans-ExtraBoldItalic.ttf in Resources */ = {isa = PBXBuildFile; fileRef = FA8E77582BBCF9D60093EFC2 /* AlegreyaSans-ExtraBoldItalic.ttf */; };
		FA8E777D2BBCF9D60093EFC2 /* AlegreyaSans-Regular.ttf in Resources */ = {isa = PBXBuildFile; fileRef = FA8E77592BBCF9D60093EFC2 /* AlegreyaSans-Regular.ttf */; };
		FA8E777E2BBCF9D60093EFC2 /* AlegreyaSans-Regular.ttf in Resources */ = {isa = PBXBuildFile; fileRef = FA8E77592BBCF9D60093EFC2 /* AlegreyaSans-Regular.ttf */; };
		FA8E777F2BBCF9D60093EFC2 /* AlegreyaSans-Regular.ttf in Resources */ = {isa = PBXBuildFile; fileRef = FA8E77592BBCF9D60093EFC2 /* AlegreyaSans-Regular.ttf */; };
		FA8E77802BBCF9D60093EFC2 /* AlegreyaSans-ExtraBold.ttf in Resources */ = {isa = PBXBuildFile; fileRef = FA8E775A2BBCF9D60093EFC2 /* AlegreyaSans-ExtraBold.ttf */; };
		FA8E77812BBCF9D60093EFC2 /* AlegreyaSans-ExtraBold.ttf in Resources */ = {isa = PBXBuildFile; fileRef = FA8E775A2BBCF9D60093EFC2 /* AlegreyaSans-ExtraBold.ttf */; };
		FA8E77822BBCF9D60093EFC2 /* AlegreyaSans-ExtraBold.ttf in Resources */ = {isa = PBXBuildFile; fileRef = FA8E775A2BBCF9D60093EFC2 /* AlegreyaSans-ExtraBold.ttf */; };
		FA8E77832BBCF9D60093EFC2 /* AlegreyaSans-MediumItalic.ttf in Resources */ = {isa = PBXBuildFile; fileRef = FA8E775B2BBCF9D60093EFC2 /* AlegreyaSans-MediumItalic.ttf */; };
		FA8E77842BBCF9D60093EFC2 /* AlegreyaSans-MediumItalic.ttf in Resources */ = {isa = PBXBuildFile; fileRef = FA8E775B2BBCF9D60093EFC2 /* AlegreyaSans-MediumItalic.ttf */; };
		FA8E77852BBCF9D60093EFC2 /* AlegreyaSans-MediumItalic.ttf in Resources */ = {isa = PBXBuildFile; fileRef = FA8E775B2BBCF9D60093EFC2 /* AlegreyaSans-MediumItalic.ttf */; };
/* End PBXBuildFile section */

/* Begin PBXContainerItemProxy section */
		FA4592D62BBB569200C141CF /* PBXContainerItemProxy */ = {
			isa = PBXContainerItemProxy;
			containerPortal = FA4592B82BBB569100C141CF /* Project object */;
			proxyType = 1;
			remoteGlobalIDString = FA4592BF2BBB569100C141CF;
			remoteInfo = MedicMeditationApp;
		};
		FA4592E02BBB569200C141CF /* PBXContainerItemProxy */ = {
			isa = PBXContainerItemProxy;
			containerPortal = FA4592B82BBB569100C141CF /* Project object */;
			proxyType = 1;
			remoteGlobalIDString = FA4592BF2BBB569100C141CF;
			remoteInfo = MedicMeditationApp;
		};
/* End PBXContainerItemProxy section */

/* Begin PBXFileReference section */
		FA43A57B2BBDC40E001B2A5E /* SignUpView.swift */ = {isa = PBXFileReference; lastKnownFileType = sourcecode.swift; path = SignUpView.swift; sourceTree = "<group>"; };
		FA43A57E2BBDCBFE001B2A5E /* MenuView.swift */ = {isa = PBXFileReference; lastKnownFileType = sourcecode.swift; path = MenuView.swift; sourceTree = "<group>"; };
		FA43A5812BBDD057001B2A5E /* WelcomeView.swift */ = {isa = PBXFileReference; lastKnownFileType = sourcecode.swift; path = WelcomeView.swift; sourceTree = "<group>"; };
		FA4592C02BBB569100C141CF /* MedicMeditationApp.app */ = {isa = PBXFileReference; explicitFileType = wrapper.application; includeInIndex = 0; path = MedicMeditationApp.app; sourceTree = BUILT_PRODUCTS_DIR; };
		FA4592C32BBB569100C141CF /* MedicMeditationAppApp.swift */ = {isa = PBXFileReference; lastKnownFileType = sourcecode.swift; path = MedicMeditationAppApp.swift; sourceTree = "<group>"; };
		FA4592C72BBB569200C141CF /* Imagenes.xcassets */ = {isa = PBXFileReference; lastKnownFileType = folder.assetcatalog; path = Imagenes.xcassets; sourceTree = "<group>"; };
		FA4592CA2BBB569200C141CF /* Preview Assets.xcassets */ = {isa = PBXFileReference; lastKnownFileType = folder.assetcatalog; path = "Preview Assets.xcassets"; sourceTree = "<group>"; };
		FA4592CF2BBB569200C141CF /* MedicMeditationApp.xcdatamodel */ = {isa = PBXFileReference; lastKnownFileType = wrapper.xcdatamodel; path = MedicMeditationApp.xcdatamodel; sourceTree = "<group>"; };
		FA4592D52BBB569200C141CF /* MedicMeditationAppTests.xctest */ = {isa = PBXFileReference; explicitFileType = wrapper.cfbundle; includeInIndex = 0; path = MedicMeditationAppTests.xctest; sourceTree = BUILT_PRODUCTS_DIR; };
		FA4592D92BBB569200C141CF /* MedicMeditationAppTests.swift */ = {isa = PBXFileReference; lastKnownFileType = sourcecode.swift; path = MedicMeditationAppTests.swift; sourceTree = "<group>"; };
		FA4592DF2BBB569200C141CF /* MedicMeditationAppUITests.xctest */ = {isa = PBXFileReference; explicitFileType = wrapper.cfbundle; includeInIndex = 0; path = MedicMeditationAppUITests.xctest; sourceTree = BUILT_PRODUCTS_DIR; };
		FA4592E32BBB569200C141CF /* MedicMeditationAppUITests.swift */ = {isa = PBXFileReference; lastKnownFileType = sourcecode.swift; path = MedicMeditationAppUITests.swift; sourceTree = "<group>"; };
		FA4592E52BBB569200C141CF /* MedicMeditationAppUITestsLaunchTests.swift */ = {isa = PBXFileReference; lastKnownFileType = sourcecode.swift; path = MedicMeditationAppUITestsLaunchTests.swift; sourceTree = "<group>"; };
		FA4592F52BBB673D00C141CF /* SignInView.swift */ = {isa = PBXFileReference; lastKnownFileType = sourcecode.swift; path = SignInView.swift; sourceTree = "<group>"; };
		FA794F7E2BBE310E00FBF372 /* MusicView.swift */ = {isa = PBXFileReference; lastKnownFileType = sourcecode.swift; path = MusicView.swift; sourceTree = "<group>"; };
		FA794F812BBE3CB500FBF372 /* ReproductorView.swift */ = {isa = PBXFileReference; lastKnownFileType = sourcecode.swift; path = ReproductorView.swift; sourceTree = "<group>"; };
		FA794F842BBE426000FBF372 /* PersonView.swift */ = {isa = PBXFileReference; lastKnownFileType = sourcecode.swift; path = PersonView.swift; sourceTree = "<group>"; };
		FA8DF7B12BBF189F000F3D7A /* MeditationView.swift */ = {isa = PBXFileReference; lastKnownFileType = sourcecode.swift; path = MeditationView.swift; sourceTree = "<group>"; };
		FA8DF7B52BBF1C26000F3D7A /* ToolsView.swift */ = {isa = PBXFileReference; lastKnownFileType = sourcecode.swift; path = ToolsView.swift; sourceTree = "<group>"; };
		FA8DF7B72BBF20DA000F3D7A /* SleepSessionView.swift */ = {isa = PBXFileReference; lastKnownFileType = sourcecode.swift; path = SleepSessionView.swift; sourceTree = "<group>"; };
		FA8E77472BBCE58A0093EFC2 /* GeneralButtonComponent.swift */ = {isa = PBXFileReference; lastKnownFileType = sourcecode.swift; path = GeneralButtonComponent.swift; sourceTree = "<group>"; };
		FA8E774B2BBCE8870093EFC2 /* Colores.xcassets */ = {isa = PBXFileReference; lastKnownFileType = folder.assetcatalog; path = Colores.xcassets; sourceTree = "<group>"; };
		FA8E774E2BBCF9D50093EFC2 /* AlegreyaSans-Bold.ttf */ = {isa = PBXFileReference; lastKnownFileType = file; path = "AlegreyaSans-Bold.ttf"; sourceTree = "<group>"; };
		FA8E774F2BBCF9D50093EFC2 /* AlegreyaSans-Italic.ttf */ = {isa = PBXFileReference; lastKnownFileType = file; path = "AlegreyaSans-Italic.ttf"; sourceTree = "<group>"; };
		FA8E77502BBCF9D60093EFC2 /* AlegreyaSans-BoldItalic.ttf */ = {isa = PBXFileReference; lastKnownFileType = file; path = "AlegreyaSans-BoldItalic.ttf"; sourceTree = "<group>"; };
		FA8E77512BBCF9D60093EFC2 /* AlegreyaSans-Thin.ttf */ = {isa = PBXFileReference; lastKnownFileType = file; path = "AlegreyaSans-Thin.ttf"; sourceTree = "<group>"; };
		FA8E77522BBCF9D60093EFC2 /* AlegreyaSans-ThinItalic.ttf */ = {isa = PBXFileReference; lastKnownFileType = file; path = "AlegreyaSans-ThinItalic.ttf"; sourceTree = "<group>"; };
		FA8E77532BBCF9D60093EFC2 /* AlegreyaSans-Light.ttf */ = {isa = PBXFileReference; lastKnownFileType = file; path = "AlegreyaSans-Light.ttf"; sourceTree = "<group>"; };
		FA8E77542BBCF9D60093EFC2 /* AlegreyaSans-LightItalic.ttf */ = {isa = PBXFileReference; lastKnownFileType = file; path = "AlegreyaSans-LightItalic.ttf"; sourceTree = "<group>"; };
		FA8E77552BBCF9D60093EFC2 /* AlegreyaSans-BlackItalic.ttf */ = {isa = PBXFileReference; lastKnownFileType = file; path = "AlegreyaSans-BlackItalic.ttf"; sourceTree = "<group>"; };
		FA8E77562BBCF9D60093EFC2 /* AlegreyaSans-Black.ttf */ = {isa = PBXFileReference; lastKnownFileType = file; path = "AlegreyaSans-Black.ttf"; sourceTree = "<group>"; };
		FA8E77572BBCF9D60093EFC2 /* AlegreyaSans-Medium.ttf */ = {isa = PBXFileReference; lastKnownFileType = file; path = "AlegreyaSans-Medium.ttf"; sourceTree = "<group>"; };
		FA8E77582BBCF9D60093EFC2 /* AlegreyaSans-ExtraBoldItalic.ttf */ = {isa = PBXFileReference; lastKnownFileType = file; path = "AlegreyaSans-ExtraBoldItalic.ttf"; sourceTree = "<group>"; };
		FA8E77592BBCF9D60093EFC2 /* AlegreyaSans-Regular.ttf */ = {isa = PBXFileReference; lastKnownFileType = file; path = "AlegreyaSans-Regular.ttf"; sourceTree = "<group>"; };
		FA8E775A2BBCF9D60093EFC2 /* AlegreyaSans-ExtraBold.ttf */ = {isa = PBXFileReference; lastKnownFileType = file; path = "AlegreyaSans-ExtraBold.ttf"; sourceTree = "<group>"; };
		FA8E775B2BBCF9D60093EFC2 /* AlegreyaSans-MediumItalic.ttf */ = {isa = PBXFileReference; lastKnownFileType = file; path = "AlegreyaSans-MediumItalic.ttf"; sourceTree = "<group>"; };
		FA8E77862BBCFA700093EFC2 /* Info.plist */ = {isa = PBXFileReference; lastKnownFileType = text.plist; path = Info.plist; sourceTree = "<group>"; };
/* End PBXFileReference section */

/* Begin PBXFrameworksBuildPhase section */
		FA4592BD2BBB569100C141CF /* Frameworks */ = {
			isa = PBXFrameworksBuildPhase;
			buildActionMask = 2147483647;
			files = (
			);
			runOnlyForDeploymentPostprocessing = 0;
		};
		FA4592D22BBB569200C141CF /* Frameworks */ = {
			isa = PBXFrameworksBuildPhase;
			buildActionMask = 2147483647;
			files = (
			);
			runOnlyForDeploymentPostprocessing = 0;
		};
		FA4592DC2BBB569200C141CF /* Frameworks */ = {
			isa = PBXFrameworksBuildPhase;
			buildActionMask = 2147483647;
			files = (
			);
			runOnlyForDeploymentPostprocessing = 0;
		};
/* End PBXFrameworksBuildPhase section */

/* Begin PBXGroup section */
		FA43A57A2BBDC3F7001B2A5E /* SignUp */ = {
			isa = PBXGroup;
			children = (
				FA43A57B2BBDC40E001B2A5E /* SignUpView.swift */,
			);
			path = SignUp;
			sourceTree = "<group>";
		};
		FA43A57D2BBDCBE1001B2A5E /* Menu */ = {
			isa = PBXGroup;
			children = (
				FA43A57E2BBDCBFE001B2A5E /* MenuView.swift */,
			);
			path = Menu;
			sourceTree = "<group>";
		};
		FA43A5802BBDD036001B2A5E /* Welcome */ = {
			isa = PBXGroup;
			children = (
				FA43A5812BBDD057001B2A5E /* WelcomeView.swift */,
			);
			path = Welcome;
			sourceTree = "<group>";
		};
		FA4592B72BBB569100C141CF = {
			isa = PBXGroup;
			children = (
				FA4592C22BBB569100C141CF /* MedicMeditationApp */,
				FA4592D82BBB569200C141CF /* MedicMeditationAppTests */,
				FA4592E22BBB569200C141CF /* MedicMeditationAppUITests */,
				FA4592C12BBB569100C141CF /* Products */,
			);
			sourceTree = "<group>";
		};
		FA4592C12BBB569100C141CF /* Products */ = {
			isa = PBXGroup;
			children = (
				FA4592C02BBB569100C141CF /* MedicMeditationApp.app */,
				FA4592D52BBB569200C141CF /* MedicMeditationAppTests.xctest */,
				FA4592DF2BBB569200C141CF /* MedicMeditationAppUITests.xctest */,
			);
			name = Products;
			sourceTree = "<group>";
		};
		FA4592C22BBB569100C141CF /* MedicMeditationApp */ = {
			isa = PBXGroup;
			children = (
				FA8E77862BBCFA700093EFC2 /* Info.plist */,
				FA8E77492BBCE83C0093EFC2 /* Resources */,
				FA4592F22BBB66FF00C141CF /* App */,
				FA8E77452BBCE5520093EFC2 /* Core */,
				FA4592F32BBB671500C141CF /* Presentation */,
				FA4592F72BBB67CE00C141CF /* Data */,
				FA4592C92BBB569200C141CF /* Preview Content */,
			);
			path = MedicMeditationApp;
			sourceTree = "<group>";
		};
		FA4592C92BBB569200C141CF /* Preview Content */ = {
			isa = PBXGroup;
			children = (
				FA4592CA2BBB569200C141CF /* Preview Assets.xcassets */,
			);
			path = "Preview Content";
			sourceTree = "<group>";
		};
		FA4592D82BBB569200C141CF /* MedicMeditationAppTests */ = {
			isa = PBXGroup;
			children = (
				FA4592D92BBB569200C141CF /* MedicMeditationAppTests.swift */,
			);
			path = MedicMeditationAppTests;
			sourceTree = "<group>";
		};
		FA4592E22BBB569200C141CF /* MedicMeditationAppUITests */ = {
			isa = PBXGroup;
			children = (
				FA4592E32BBB569200C141CF /* MedicMeditationAppUITests.swift */,
				FA4592E52BBB569200C141CF /* MedicMeditationAppUITestsLaunchTests.swift */,
			);
			path = MedicMeditationAppUITests;
			sourceTree = "<group>";
		};
		FA4592F22BBB66FF00C141CF /* App */ = {
			isa = PBXGroup;
			children = (
				FA4592C32BBB569100C141CF /* MedicMeditationAppApp.swift */,
			);
			path = App;
			sourceTree = "<group>";
		};
		FA4592F32BBB671500C141CF /* Presentation */ = {
			isa = PBXGroup;
			children = (
				FA8DF7B42BBF18AF000F3D7A /* SleepSession */,
				FA8DF7B32BBF18A6000F3D7A /* Tools */,
				FA8DF7B02BBF1887000F3D7A /* Meditation */,
				FA794F832BBE424F00FBF372 /* Person */,
				FA794F802BBE3C8B00FBF372 /* Reproductor */,
				FA794F7D2BBE30FB00FBF372 /* Music */,
				FA43A5802BBDD036001B2A5E /* Welcome */,
				FA43A57D2BBDCBE1001B2A5E /* Menu */,
				FA43A57A2BBDC3F7001B2A5E /* SignUp */,
				FA4592F42BBB672700C141CF /* SignIn */,
			);
			path = Presentation;
			sourceTree = "<group>";
		};
		FA4592F42BBB672700C141CF /* SignIn */ = {
			isa = PBXGroup;
			children = (
				FA4592F52BBB673D00C141CF /* SignInView.swift */,
			);
			path = SignIn;
			sourceTree = "<group>";
		};
		FA4592F72BBB67CE00C141CF /* Data */ = {
			isa = PBXGroup;
			children = (
				FA4592CE2BBB569200C141CF /* MedicMeditationApp.xcdatamodeld */,
			);
			path = Data;
			sourceTree = "<group>";
		};
		FA794F7D2BBE30FB00FBF372 /* Music */ = {
			isa = PBXGroup;
			children = (
				FA794F7E2BBE310E00FBF372 /* MusicView.swift */,
			);
			path = Music;
			sourceTree = "<group>";
		};
		FA794F802BBE3C8B00FBF372 /* Reproductor */ = {
			isa = PBXGroup;
			children = (
				FA794F812BBE3CB500FBF372 /* ReproductorView.swift */,
			);
			path = Reproductor;
			sourceTree = "<group>";
		};
		FA794F832BBE424F00FBF372 /* Person */ = {
			isa = PBXGroup;
			children = (
				FA794F842BBE426000FBF372 /* PersonView.swift */,
			);
			path = Person;
			sourceTree = "<group>";
		};
		FA8DF7B02BBF1887000F3D7A /* Meditation */ = {
			isa = PBXGroup;
			children = (
				FA8DF7B12BBF189F000F3D7A /* MeditationView.swift */,
			);
			path = Meditation;
			sourceTree = "<group>";
		};
		FA8DF7B32BBF18A6000F3D7A /* Tools */ = {
			isa = PBXGroup;
			children = (
				FA8DF7B52BBF1C26000F3D7A /* ToolsView.swift */,
			);
			path = Tools;
			sourceTree = "<group>";
		};
		FA8DF7B42BBF18AF000F3D7A /* SleepSession */ = {
			isa = PBXGroup;
			children = (
				FA8DF7B72BBF20DA000F3D7A /* SleepSessionView.swift */,
			);
			path = SleepSession;
			sourceTree = "<group>";
		};
		FA8E77452BBCE5520093EFC2 /* Core */ = {
			isa = PBXGroup;
			children = (
				FA8E77462BBCE5650093EFC2 /* ButtonStyle */,
			);
			path = Core;
			sourceTree = "<group>";
		};
		FA8E77462BBCE5650093EFC2 /* ButtonStyle */ = {
			isa = PBXGroup;
			children = (
				FA8E77472BBCE58A0093EFC2 /* GeneralButtonComponent.swift */,
			);
			path = ButtonStyle;
			sourceTree = "<group>";
		};
		FA8E77492BBCE83C0093EFC2 /* Resources */ = {
			isa = PBXGroup;
			children = (
				FA8E774D2BBCF93E0093EFC2 /* Fonts */,
				FA8E774A2BBCE84D0093EFC2 /* Assets */,
			);
			path = Resources;
			sourceTree = "<group>";
		};
		FA8E774A2BBCE84D0093EFC2 /* Assets */ = {
			isa = PBXGroup;
			children = (
				FA4592C72BBB569200C141CF /* Imagenes.xcassets */,
				FA8E774B2BBCE8870093EFC2 /* Colores.xcassets */,
			);
			path = Assets;
			sourceTree = "<group>";
		};
		FA8E774D2BBCF93E0093EFC2 /* Fonts */ = {
			isa = PBXGroup;
			children = (
				FA8E77562BBCF9D60093EFC2 /* AlegreyaSans-Black.ttf */,
				FA8E77552BBCF9D60093EFC2 /* AlegreyaSans-BlackItalic.ttf */,
				FA8E774E2BBCF9D50093EFC2 /* AlegreyaSans-Bold.ttf */,
				FA8E77502BBCF9D60093EFC2 /* AlegreyaSans-BoldItalic.ttf */,
				FA8E775A2BBCF9D60093EFC2 /* AlegreyaSans-ExtraBold.ttf */,
				FA8E77582BBCF9D60093EFC2 /* AlegreyaSans-ExtraBoldItalic.ttf */,
				FA8E774F2BBCF9D50093EFC2 /* AlegreyaSans-Italic.ttf */,
				FA8E77532BBCF9D60093EFC2 /* AlegreyaSans-Light.ttf */,
				FA8E77542BBCF9D60093EFC2 /* AlegreyaSans-LightItalic.ttf */,
				FA8E77572BBCF9D60093EFC2 /* AlegreyaSans-Medium.ttf */,
				FA8E775B2BBCF9D60093EFC2 /* AlegreyaSans-MediumItalic.ttf */,
				FA8E77592BBCF9D60093EFC2 /* AlegreyaSans-Regular.ttf */,
				FA8E77512BBCF9D60093EFC2 /* AlegreyaSans-Thin.ttf */,
				FA8E77522BBCF9D60093EFC2 /* AlegreyaSans-ThinItalic.ttf */,
			);
			path = Fonts;
			sourceTree = "<group>";
		};
/* End PBXGroup section */

/* Begin PBXNativeTarget section */
		FA4592BF2BBB569100C141CF /* MedicMeditationApp */ = {
			isa = PBXNativeTarget;
			buildConfigurationList = FA4592E92BBB569200C141CF /* Build configuration list for PBXNativeTarget "MedicMeditationApp" */;
			buildPhases = (
				FA4592BC2BBB569100C141CF /* Sources */,
				FA4592BD2BBB569100C141CF /* Frameworks */,
				FA4592BE2BBB569100C141CF /* Resources */,
			);
			buildRules = (
			);
			dependencies = (
			);
			name = MedicMeditationApp;
			productName = MedicMeditationApp;
			productReference = FA4592C02BBB569100C141CF /* MedicMeditationApp.app */;
			productType = "com.apple.product-type.application";
		};
		FA4592D42BBB569200C141CF /* MedicMeditationAppTests */ = {
			isa = PBXNativeTarget;
			buildConfigurationList = FA4592EC2BBB569200C141CF /* Build configuration list for PBXNativeTarget "MedicMeditationAppTests" */;
			buildPhases = (
				FA4592D12BBB569200C141CF /* Sources */,
				FA4592D22BBB569200C141CF /* Frameworks */,
				FA4592D32BBB569200C141CF /* Resources */,
			);
			buildRules = (
			);
			dependencies = (
				FA4592D72BBB569200C141CF /* PBXTargetDependency */,
			);
			name = MedicMeditationAppTests;
			productName = MedicMeditationAppTests;
			productReference = FA4592D52BBB569200C141CF /* MedicMeditationAppTests.xctest */;
			productType = "com.apple.product-type.bundle.unit-test";
		};
		FA4592DE2BBB569200C141CF /* MedicMeditationAppUITests */ = {
			isa = PBXNativeTarget;
			buildConfigurationList = FA4592EF2BBB569200C141CF /* Build configuration list for PBXNativeTarget "MedicMeditationAppUITests" */;
			buildPhases = (
				FA4592DB2BBB569200C141CF /* Sources */,
				FA4592DC2BBB569200C141CF /* Frameworks */,
				FA4592DD2BBB569200C141CF /* Resources */,
			);
			buildRules = (
			);
			dependencies = (
				FA4592E12BBB569200C141CF /* PBXTargetDependency */,
			);
			name = MedicMeditationAppUITests;
			productName = MedicMeditationAppUITests;
			productReference = FA4592DF2BBB569200C141CF /* MedicMeditationAppUITests.xctest */;
			productType = "com.apple.product-type.bundle.ui-testing";
		};
/* End PBXNativeTarget section */

/* Begin PBXProject section */
		FA4592B82BBB569100C141CF /* Project object */ = {
			isa = PBXProject;
			attributes = {
				BuildIndependentTargetsInParallel = 1;
				LastSwiftUpdateCheck = 1510;
				LastUpgradeCheck = 1510;
				TargetAttributes = {
					FA4592BF2BBB569100C141CF = {
						CreatedOnToolsVersion = 15.1;
					};
					FA4592D42BBB569200C141CF = {
						CreatedOnToolsVersion = 15.1;
						TestTargetID = FA4592BF2BBB569100C141CF;
					};
					FA4592DE2BBB569200C141CF = {
						CreatedOnToolsVersion = 15.1;
						TestTargetID = FA4592BF2BBB569100C141CF;
					};
				};
			};
			buildConfigurationList = FA4592BB2BBB569100C141CF /* Build configuration list for PBXProject "MedicMeditationApp" */;
			compatibilityVersion = "Xcode 14.0";
			developmentRegion = en;
			hasScannedForEncodings = 0;
			knownRegions = (
				en,
				Base,
			);
			mainGroup = FA4592B72BBB569100C141CF;
			productRefGroup = FA4592C12BBB569100C141CF /* Products */;
			projectDirPath = "";
			projectRoot = "";
			targets = (
				FA4592BF2BBB569100C141CF /* MedicMeditationApp */,
				FA4592D42BBB569200C141CF /* MedicMeditationAppTests */,
				FA4592DE2BBB569200C141CF /* MedicMeditationAppUITests */,
			);
		};
/* End PBXProject section */

/* Begin PBXResourcesBuildPhase section */
		FA4592BE2BBB569100C141CF /* Resources */ = {
			isa = PBXResourcesBuildPhase;
			buildActionMask = 2147483647;
			files = (
				FA8E775F2BBCF9D60093EFC2 /* AlegreyaSans-Italic.ttf in Resources */,
				FA8E774C2BBCE8870093EFC2 /* Colores.xcassets in Resources */,
				FA8E77712BBCF9D60093EFC2 /* AlegreyaSans-BlackItalic.ttf in Resources */,
				FA8E776E2BBCF9D60093EFC2 /* AlegreyaSans-LightItalic.ttf in Resources */,
				FA8E777A2BBCF9D60093EFC2 /* AlegreyaSans-ExtraBoldItalic.ttf in Resources */,
				FA8E77622BBCF9D60093EFC2 /* AlegreyaSans-BoldItalic.ttf in Resources */,
				FA4592CB2BBB569200C141CF /* Preview Assets.xcassets in Resources */,
				FA8E77802BBCF9D60093EFC2 /* AlegreyaSans-ExtraBold.ttf in Resources */,
				FA8E776B2BBCF9D60093EFC2 /* AlegreyaSans-Light.ttf in Resources */,
				FA8E77682BBCF9D60093EFC2 /* AlegreyaSans-ThinItalic.ttf in Resources */,
				FA8E77772BBCF9D60093EFC2 /* AlegreyaSans-Medium.ttf in Resources */,
				FA8E775C2BBCF9D60093EFC2 /* AlegreyaSans-Bold.ttf in Resources */,
				FA4592C82BBB569200C141CF /* Imagenes.xcassets in Resources */,
				FA8E77652BBCF9D60093EFC2 /* AlegreyaSans-Thin.ttf in Resources */,
				FA8E777D2BBCF9D60093EFC2 /* AlegreyaSans-Regular.ttf in Resources */,
				FA8E77832BBCF9D60093EFC2 /* AlegreyaSans-MediumItalic.ttf in Resources */,
				FA8E77742BBCF9D60093EFC2 /* AlegreyaSans-Black.ttf in Resources */,
			);
			runOnlyForDeploymentPostprocessing = 0;
		};
		FA4592D32BBB569200C141CF /* Resources */ = {
			isa = PBXResourcesBuildPhase;
			buildActionMask = 2147483647;
			files = (
				FA8E777B2BBCF9D60093EFC2 /* AlegreyaSans-ExtraBoldItalic.ttf in Resources */,
				FA8E77692BBCF9D60093EFC2 /* AlegreyaSans-ThinItalic.ttf in Resources */,
				FA8E77662BBCF9D60093EFC2 /* AlegreyaSans-Thin.ttf in Resources */,
				FA8E77752BBCF9D60093EFC2 /* AlegreyaSans-Black.ttf in Resources */,
				FA8E775D2BBCF9D60093EFC2 /* AlegreyaSans-Bold.ttf in Resources */,
				FA8E776F2BBCF9D60093EFC2 /* AlegreyaSans-LightItalic.ttf in Resources */,
				FA8E77602BBCF9D60093EFC2 /* AlegreyaSans-Italic.ttf in Resources */,
				FA8E77782BBCF9D60093EFC2 /* AlegreyaSans-Medium.ttf in Resources */,
				FA8E776C2BBCF9D60093EFC2 /* AlegreyaSans-Light.ttf in Resources */,
				FA8E77632BBCF9D60093EFC2 /* AlegreyaSans-BoldItalic.ttf in Resources */,
				FA8E77842BBCF9D60093EFC2 /* AlegreyaSans-MediumItalic.ttf in Resources */,
				FA8E777E2BBCF9D60093EFC2 /* AlegreyaSans-Regular.ttf in Resources */,
				FA8E77722BBCF9D60093EFC2 /* AlegreyaSans-BlackItalic.ttf in Resources */,
				FA8E77812BBCF9D60093EFC2 /* AlegreyaSans-ExtraBold.ttf in Resources */,
			);
			runOnlyForDeploymentPostprocessing = 0;
		};
		FA4592DD2BBB569200C141CF /* Resources */ = {
			isa = PBXResourcesBuildPhase;
			buildActionMask = 2147483647;
			files = (
				FA8E777C2BBCF9D60093EFC2 /* AlegreyaSans-ExtraBoldItalic.ttf in Resources */,
				FA8E776A2BBCF9D60093EFC2 /* AlegreyaSans-ThinItalic.ttf in Resources */,
				FA8E77672BBCF9D60093EFC2 /* AlegreyaSans-Thin.ttf in Resources */,
				FA8E77762BBCF9D60093EFC2 /* AlegreyaSans-Black.ttf in Resources */,
				FA8E775E2BBCF9D60093EFC2 /* AlegreyaSans-Bold.ttf in Resources */,
				FA8E77702BBCF9D60093EFC2 /* AlegreyaSans-LightItalic.ttf in Resources */,
				FA8E77612BBCF9D60093EFC2 /* AlegreyaSans-Italic.ttf in Resources */,
				FA8E77792BBCF9D60093EFC2 /* AlegreyaSans-Medium.ttf in Resources */,
				FA8E776D2BBCF9D60093EFC2 /* AlegreyaSans-Light.ttf in Resources */,
				FA8E77642BBCF9D60093EFC2 /* AlegreyaSans-BoldItalic.ttf in Resources */,
				FA8E77852BBCF9D60093EFC2 /* AlegreyaSans-MediumItalic.ttf in Resources */,
				FA8E777F2BBCF9D60093EFC2 /* AlegreyaSans-Regular.ttf in Resources */,
				FA8E77732BBCF9D60093EFC2 /* AlegreyaSans-BlackItalic.ttf in Resources */,
				FA8E77822BBCF9D60093EFC2 /* AlegreyaSans-ExtraBold.ttf in Resources */,
			);
			runOnlyForDeploymentPostprocessing = 0;
		};
/* End PBXResourcesBuildPhase section */

/* Begin PBXSourcesBuildPhase section */
		FA4592BC2BBB569100C141CF /* Sources */ = {
			isa = PBXSourcesBuildPhase;
			buildActionMask = 2147483647;
			files = (
				FA8E77482BBCE58A0093EFC2 /* GeneralButtonComponent.swift in Sources */,
				FA43A57F2BBDCBFE001B2A5E /* MenuView.swift in Sources */,
				FA8DF7B22BBF189F000F3D7A /* MeditationView.swift in Sources */,
				FA43A57C2BBDC40E001B2A5E /* SignUpView.swift in Sources */,
				FA4592D02BBB569200C141CF /* MedicMeditationApp.xcdatamodeld in Sources */,
				FA4592C42BBB569100C141CF /* MedicMeditationAppApp.swift in Sources */,
				FA8DF7B62BBF1C26000F3D7A /* ToolsView.swift in Sources */,
				FA794F852BBE426000FBF372 /* PersonView.swift in Sources */,
				FA8DF7B82BBF20DA000F3D7A /* SleepSessionView.swift in Sources */,
				FA4592F62BBB673D00C141CF /* SignInView.swift in Sources */,
				FA794F7F2BBE310E00FBF372 /* MusicView.swift in Sources */,
				FA43A5822BBDD057001B2A5E /* WelcomeView.swift in Sources */,
				FA794F822BBE3CB500FBF372 /* ReproductorView.swift in Sources */,
			);
			runOnlyForDeploymentPostprocessing = 0;
		};
		FA4592D12BBB569200C141CF /* Sources */ = {
			isa = PBXSourcesBuildPhase;
			buildActionMask = 2147483647;
			files = (
				FA4592DA2BBB569200C141CF /* MedicMeditationAppTests.swift in Sources */,
			);
			runOnlyForDeploymentPostprocessing = 0;
		};
		FA4592DB2BBB569200C141CF /* Sources */ = {
			isa = PBXSourcesBuildPhase;
			buildActionMask = 2147483647;
			files = (
				FA4592E42BBB569200C141CF /* MedicMeditationAppUITests.swift in Sources */,
				FA4592E62BBB569200C141CF /* MedicMeditationAppUITestsLaunchTests.swift in Sources */,
			);
			runOnlyForDeploymentPostprocessing = 0;
		};
/* End PBXSourcesBuildPhase section */

/* Begin PBXTargetDependency section */
		FA4592D72BBB569200C141CF /* PBXTargetDependency */ = {
			isa = PBXTargetDependency;
			target = FA4592BF2BBB569100C141CF /* MedicMeditationApp */;
			targetProxy = FA4592D62BBB569200C141CF /* PBXContainerItemProxy */;
		};
		FA4592E12BBB569200C141CF /* PBXTargetDependency */ = {
			isa = PBXTargetDependency;
			target = FA4592BF2BBB569100C141CF /* MedicMeditationApp */;
			targetProxy = FA4592E02BBB569200C141CF /* PBXContainerItemProxy */;
		};
/* End PBXTargetDependency section */

/* Begin XCBuildConfiguration section */
		FA4592E72BBB569200C141CF /* Debug */ = {
			isa = XCBuildConfiguration;
			buildSettings = {
				ALWAYS_SEARCH_USER_PATHS = NO;
				ASSETCATALOG_COMPILER_GENERATE_SWIFT_ASSET_SYMBOL_EXTENSIONS = YES;
				CLANG_ANALYZER_NONNULL = YES;
				CLANG_ANALYZER_NUMBER_OBJECT_CONVERSION = YES_AGGRESSIVE;
				CLANG_CXX_LANGUAGE_STANDARD = "gnu++20";
				CLANG_ENABLE_MODULES = YES;
				CLANG_ENABLE_OBJC_ARC = YES;
				CLANG_ENABLE_OBJC_WEAK = YES;
				CLANG_WARN_BLOCK_CAPTURE_AUTORELEASING = YES;
				CLANG_WARN_BOOL_CONVERSION = YES;
				CLANG_WARN_COMMA = YES;
				CLANG_WARN_CONSTANT_CONVERSION = YES;
				CLANG_WARN_DEPRECATED_OBJC_IMPLEMENTATIONS = YES;
				CLANG_WARN_DIRECT_OBJC_ISA_USAGE = YES_ERROR;
				CLANG_WARN_DOCUMENTATION_COMMENTS = YES;
				CLANG_WARN_EMPTY_BODY = YES;
				CLANG_WARN_ENUM_CONVERSION = YES;
				CLANG_WARN_INFINITE_RECURSION = YES;
				CLANG_WARN_INT_CONVERSION = YES;
				CLANG_WARN_NON_LITERAL_NULL_CONVERSION = YES;
				CLANG_WARN_OBJC_IMPLICIT_RETAIN_SELF = YES;
				CLANG_WARN_OBJC_LITERAL_CONVERSION = YES;
				CLANG_WARN_OBJC_ROOT_CLASS = YES_ERROR;
				CLANG_WARN_QUOTED_INCLUDE_IN_FRAMEWORK_HEADER = YES;
				CLANG_WARN_RANGE_LOOP_ANALYSIS = YES;
				CLANG_WARN_STRICT_PROTOTYPES = YES;
				CLANG_WARN_SUSPICIOUS_MOVE = YES;
				CLANG_WARN_UNGUARDED_AVAILABILITY = YES_AGGRESSIVE;
				CLANG_WARN_UNREACHABLE_CODE = YES;
				CLANG_WARN__DUPLICATE_METHOD_MATCH = YES;
				COPY_PHASE_STRIP = NO;
				DEBUG_INFORMATION_FORMAT = dwarf;
				ENABLE_STRICT_OBJC_MSGSEND = YES;
				ENABLE_TESTABILITY = YES;
				ENABLE_USER_SCRIPT_SANDBOXING = YES;
				GCC_C_LANGUAGE_STANDARD = gnu17;
				GCC_DYNAMIC_NO_PIC = NO;
				GCC_NO_COMMON_BLOCKS = YES;
				GCC_OPTIMIZATION_LEVEL = 0;
				GCC_PREPROCESSOR_DEFINITIONS = (
					"DEBUG=1",
					"$(inherited)",
				);
				GCC_WARN_64_TO_32_BIT_CONVERSION = YES;
				GCC_WARN_ABOUT_RETURN_TYPE = YES_ERROR;
				GCC_WARN_UNDECLARED_SELECTOR = YES;
				GCC_WARN_UNINITIALIZED_AUTOS = YES_AGGRESSIVE;
				GCC_WARN_UNUSED_FUNCTION = YES;
				GCC_WARN_UNUSED_VARIABLE = YES;
				IPHONEOS_DEPLOYMENT_TARGET = 17.2;
				LOCALIZATION_PREFERS_STRING_CATALOGS = YES;
				MTL_ENABLE_DEBUG_INFO = INCLUDE_SOURCE;
				MTL_FAST_MATH = YES;
				ONLY_ACTIVE_ARCH = YES;
				SDKROOT = iphoneos;
				SWIFT_ACTIVE_COMPILATION_CONDITIONS = "DEBUG $(inherited)";
				SWIFT_OPTIMIZATION_LEVEL = "-Onone";
			};
			name = Debug;
		};
		FA4592E82BBB569200C141CF /* Release */ = {
			isa = XCBuildConfiguration;
			buildSettings = {
				ALWAYS_SEARCH_USER_PATHS = NO;
				ASSETCATALOG_COMPILER_GENERATE_SWIFT_ASSET_SYMBOL_EXTENSIONS = YES;
				CLANG_ANALYZER_NONNULL = YES;
				CLANG_ANALYZER_NUMBER_OBJECT_CONVERSION = YES_AGGRESSIVE;
				CLANG_CXX_LANGUAGE_STANDARD = "gnu++20";
				CLANG_ENABLE_MODULES = YES;
				CLANG_ENABLE_OBJC_ARC = YES;
				CLANG_ENABLE_OBJC_WEAK = YES;
				CLANG_WARN_BLOCK_CAPTURE_AUTORELEASING = YES;
				CLANG_WARN_BOOL_CONVERSION = YES;
				CLANG_WARN_COMMA = YES;
				CLANG_WARN_CONSTANT_CONVERSION = YES;
				CLANG_WARN_DEPRECATED_OBJC_IMPLEMENTATIONS = YES;
				CLANG_WARN_DIRECT_OBJC_ISA_USAGE = YES_ERROR;
				CLANG_WARN_DOCUMENTATION_COMMENTS = YES;
				CLANG_WARN_EMPTY_BODY = YES;
				CLANG_WARN_ENUM_CONVERSION = YES;
				CLANG_WARN_INFINITE_RECURSION = YES;
				CLANG_WARN_INT_CONVERSION = YES;
				CLANG_WARN_NON_LITERAL_NULL_CONVERSION = YES;
				CLANG_WARN_OBJC_IMPLICIT_RETAIN_SELF = YES;
				CLANG_WARN_OBJC_LITERAL_CONVERSION = YES;
				CLANG_WARN_OBJC_ROOT_CLASS = YES_ERROR;
				CLANG_WARN_QUOTED_INCLUDE_IN_FRAMEWORK_HEADER = YES;
				CLANG_WARN_RANGE_LOOP_ANALYSIS = YES;
				CLANG_WARN_STRICT_PROTOTYPES = YES;
				CLANG_WARN_SUSPICIOUS_MOVE = YES;
				CLANG_WARN_UNGUARDED_AVAILABILITY = YES_AGGRESSIVE;
				CLANG_WARN_UNREACHABLE_CODE = YES;
				CLANG_WARN__DUPLICATE_METHOD_MATCH = YES;
				COPY_PHASE_STRIP = NO;
				DEBUG_INFORMATION_FORMAT = "dwarf-with-dsym";
				ENABLE_NS_ASSERTIONS = NO;
				ENABLE_STRICT_OBJC_MSGSEND = YES;
				ENABLE_USER_SCRIPT_SANDBOXING = YES;
				GCC_C_LANGUAGE_STANDARD = gnu17;
				GCC_NO_COMMON_BLOCKS = YES;
				GCC_WARN_64_TO_32_BIT_CONVERSION = YES;
				GCC_WARN_ABOUT_RETURN_TYPE = YES_ERROR;
				GCC_WARN_UNDECLARED_SELECTOR = YES;
				GCC_WARN_UNINITIALIZED_AUTOS = YES_AGGRESSIVE;
				GCC_WARN_UNUSED_FUNCTION = YES;
				GCC_WARN_UNUSED_VARIABLE = YES;
				IPHONEOS_DEPLOYMENT_TARGET = 17.2;
				LOCALIZATION_PREFERS_STRING_CATALOGS = YES;
				MTL_ENABLE_DEBUG_INFO = NO;
				MTL_FAST_MATH = YES;
				SDKROOT = iphoneos;
				SWIFT_COMPILATION_MODE = wholemodule;
				VALIDATE_PRODUCT = YES;
			};
			name = Release;
		};
		FA4592EA2BBB569200C141CF /* Debug */ = {
			isa = XCBuildConfiguration;
			buildSettings = {
				ASSETCATALOG_COMPILER_APPICON_NAME = AppIcon;
				ASSETCATALOG_COMPILER_GLOBAL_ACCENT_COLOR_NAME = AccentColor;
				CODE_SIGN_STYLE = Automatic;
				CURRENT_PROJECT_VERSION = 1;
				DEVELOPMENT_ASSET_PATHS = "\"MedicMeditationApp/Preview Content\"";
				DEVELOPMENT_TEAM = H9JXH336V5;
				ENABLE_PREVIEWS = YES;
				GENERATE_INFOPLIST_FILE = YES;
				INFOPLIST_FILE = MedicMeditationApp/Info.plist;
				INFOPLIST_KEY_UIApplicationSceneManifest_Generation = YES;
				INFOPLIST_KEY_UIApplicationSupportsIndirectInputEvents = YES;
				INFOPLIST_KEY_UILaunchScreen_Generation = YES;
				INFOPLIST_KEY_UISupportedInterfaceOrientations_iPad = "UIInterfaceOrientationPortrait UIInterfaceOrientationPortraitUpsideDown UIInterfaceOrientationLandscapeLeft UIInterfaceOrientationLandscapeRight";
				INFOPLIST_KEY_UISupportedInterfaceOrientations_iPhone = "UIInterfaceOrientationPortrait UIInterfaceOrientationLandscapeLeft UIInterfaceOrientationLandscapeRight";
				LD_RUNPATH_SEARCH_PATHS = (
					"$(inherited)",
					"@executable_path/Frameworks",
				);
				MARKETING_VERSION = 1.0;
				PRODUCT_BUNDLE_IDENTIFIER = com.ronaldo.MedicMeditationApp;
				PRODUCT_NAME = "$(TARGET_NAME)";
				SWIFT_EMIT_LOC_STRINGS = YES;
				SWIFT_VERSION = 5.0;
				TARGETED_DEVICE_FAMILY = "1,2";
			};
			name = Debug;
		};
		FA4592EB2BBB569200C141CF /* Release */ = {
			isa = XCBuildConfiguration;
			buildSettings = {
				ASSETCATALOG_COMPILER_APPICON_NAME = AppIcon;
				ASSETCATALOG_COMPILER_GLOBAL_ACCENT_COLOR_NAME = AccentColor;
				CODE_SIGN_STYLE = Automatic;
				CURRENT_PROJECT_VERSION = 1;
				DEVELOPMENT_ASSET_PATHS = "\"MedicMeditationApp/Preview Content\"";
				DEVELOPMENT_TEAM = H9JXH336V5;
				ENABLE_PREVIEWS = YES;
				GENERATE_INFOPLIST_FILE = YES;
				INFOPLIST_FILE = MedicMeditationApp/Info.plist;
				INFOPLIST_KEY_UIApplicationSceneManifest_Generation = YES;
				INFOPLIST_KEY_UIApplicationSupportsIndirectInputEvents = YES;
				INFOPLIST_KEY_UILaunchScreen_Generation = YES;
				INFOPLIST_KEY_UISupportedInterfaceOrientations_iPad = "UIInterfaceOrientationPortrait UIInterfaceOrientationPortraitUpsideDown UIInterfaceOrientationLandscapeLeft UIInterfaceOrientationLandscapeRight";
				INFOPLIST_KEY_UISupportedInterfaceOrientations_iPhone = "UIInterfaceOrientationPortrait UIInterfaceOrientationLandscapeLeft UIInterfaceOrientationLandscapeRight";
				LD_RUNPATH_SEARCH_PATHS = (
					"$(inherited)",
					"@executable_path/Frameworks",
				);
				MARKETING_VERSION = 1.0;
				PRODUCT_BUNDLE_IDENTIFIER = com.ronaldo.MedicMeditationApp;
				PRODUCT_NAME = "$(TARGET_NAME)";
				SWIFT_EMIT_LOC_STRINGS = YES;
				SWIFT_VERSION = 5.0;
				TARGETED_DEVICE_FAMILY = "1,2";
			};
			name = Release;
		};
		FA4592ED2BBB569200C141CF /* Debug */ = {
			isa = XCBuildConfiguration;
			buildSettings = {
				ALWAYS_EMBED_SWIFT_STANDARD_LIBRARIES = YES;
				BUNDLE_LOADER = "$(TEST_HOST)";
				CODE_SIGN_STYLE = Automatic;
				CURRENT_PROJECT_VERSION = 1;
				DEVELOPMENT_TEAM = H9JXH336V5;
				GENERATE_INFOPLIST_FILE = YES;
				IPHONEOS_DEPLOYMENT_TARGET = 17.2;
				MARKETING_VERSION = 1.0;
				PRODUCT_BUNDLE_IDENTIFIER = com.ronaldo.MedicMeditationAppTests;
				PRODUCT_NAME = "$(TARGET_NAME)";
				SWIFT_EMIT_LOC_STRINGS = NO;
				SWIFT_VERSION = 5.0;
				TARGETED_DEVICE_FAMILY = "1,2";
				TEST_HOST = "$(BUILT_PRODUCTS_DIR)/MedicMeditationApp.app/$(BUNDLE_EXECUTABLE_FOLDER_PATH)/MedicMeditationApp";
			};
			name = Debug;
		};
		FA4592EE2BBB569200C141CF /* Release */ = {
			isa = XCBuildConfiguration;
			buildSettings = {
				ALWAYS_EMBED_SWIFT_STANDARD_LIBRARIES = YES;
				BUNDLE_LOADER = "$(TEST_HOST)";
				CODE_SIGN_STYLE = Automatic;
				CURRENT_PROJECT_VERSION = 1;
				DEVELOPMENT_TEAM = H9JXH336V5;
				GENERATE_INFOPLIST_FILE = YES;
				IPHONEOS_DEPLOYMENT_TARGET = 17.2;
				MARKETING_VERSION = 1.0;
				PRODUCT_BUNDLE_IDENTIFIER = com.ronaldo.MedicMeditationAppTests;
				PRODUCT_NAME = "$(TARGET_NAME)";
				SWIFT_EMIT_LOC_STRINGS = NO;
				SWIFT_VERSION = 5.0;
				TARGETED_DEVICE_FAMILY = "1,2";
				TEST_HOST = "$(BUILT_PRODUCTS_DIR)/MedicMeditationApp.app/$(BUNDLE_EXECUTABLE_FOLDER_PATH)/MedicMeditationApp";
			};
			name = Release;
		};
		FA4592F02BBB569200C141CF /* Debug */ = {
			isa = XCBuildConfiguration;
			buildSettings = {
				ALWAYS_EMBED_SWIFT_STANDARD_LIBRARIES = YES;
				CODE_SIGN_STYLE = Automatic;
				CURRENT_PROJECT_VERSION = 1;
				DEVELOPMENT_TEAM = H9JXH336V5;
				GENERATE_INFOPLIST_FILE = YES;
				MARKETING_VERSION = 1.0;
				PRODUCT_BUNDLE_IDENTIFIER = com.ronaldo.MedicMeditationAppUITests;
				PRODUCT_NAME = "$(TARGET_NAME)";
				SWIFT_EMIT_LOC_STRINGS = NO;
				SWIFT_VERSION = 5.0;
				TARGETED_DEVICE_FAMILY = "1,2";
				TEST_TARGET_NAME = MedicMeditationApp;
			};
			name = Debug;
		};
		FA4592F12BBB569200C141CF /* Release */ = {
			isa = XCBuildConfiguration;
			buildSettings = {
				ALWAYS_EMBED_SWIFT_STANDARD_LIBRARIES = YES;
				CODE_SIGN_STYLE = Automatic;
				CURRENT_PROJECT_VERSION = 1;
				DEVELOPMENT_TEAM = H9JXH336V5;
				GENERATE_INFOPLIST_FILE = YES;
				MARKETING_VERSION = 1.0;
				PRODUCT_BUNDLE_IDENTIFIER = com.ronaldo.MedicMeditationAppUITests;
				PRODUCT_NAME = "$(TARGET_NAME)";
				SWIFT_EMIT_LOC_STRINGS = NO;
				SWIFT_VERSION = 5.0;
				TARGETED_DEVICE_FAMILY = "1,2";
				TEST_TARGET_NAME = MedicMeditationApp;
			};
			name = Release;
		};
/* End XCBuildConfiguration section */

/* Begin XCConfigurationList section */
		FA4592BB2BBB569100C141CF /* Build configuration list for PBXProject "MedicMeditationApp" */ = {
			isa = XCConfigurationList;
			buildConfigurations = (
				FA4592E72BBB569200C141CF /* Debug */,
				FA4592E82BBB569200C141CF /* Release */,
			);
			defaultConfigurationIsVisible = 0;
			defaultConfigurationName = Release;
		};
		FA4592E92BBB569200C141CF /* Build configuration list for PBXNativeTarget "MedicMeditationApp" */ = {
			isa = XCConfigurationList;
			buildConfigurations = (
				FA4592EA2BBB569200C141CF /* Debug */,
				FA4592EB2BBB569200C141CF /* Release */,
			);
			defaultConfigurationIsVisible = 0;
			defaultConfigurationName = Release;
		};
		FA4592EC2BBB569200C141CF /* Build configuration list for PBXNativeTarget "MedicMeditationAppTests" */ = {
			isa = XCConfigurationList;
			buildConfigurations = (
				FA4592ED2BBB569200C141CF /* Debug */,
				FA4592EE2BBB569200C141CF /* Release */,
			);
			defaultConfigurationIsVisible = 0;
			defaultConfigurationName = Release;
		};
		FA4592EF2BBB569200C141CF /* Build configuration list for PBXNativeTarget "MedicMeditationAppUITests" */ = {
			isa = XCConfigurationList;
			buildConfigurations = (
				FA4592F02BBB569200C141CF /* Debug */,
				FA4592F12BBB569200C141CF /* Release */,
			);
			defaultConfigurationIsVisible = 0;
			defaultConfigurationName = Release;
		};
/* End XCConfigurationList section */

/* Begin XCVersionGroup section */
		FA4592CE2BBB569200C141CF /* MedicMeditationApp.xcdatamodeld */ = {
			isa = XCVersionGroup;
			children = (
				FA4592CF2BBB569200C141CF /* MedicMeditationApp.xcdatamodel */,
			);
			currentVersion = FA4592CF2BBB569200C141CF /* MedicMeditationApp.xcdatamodel */;
			path = MedicMeditationApp.xcdatamodeld;
			sourceTree = "<group>";
			versionGroupType = wrapper.xcdatamodel;
		};
/* End XCVersionGroup section */
	};
	rootObject = FA4592B82BBB569100C141CF /* Project object */;
}
